
Microsoft Visual Studio Solution File, Format Version 12.00
# Visual Studio 2012
Project("{FAE04EC0-301F-11D3-BF4B-00C04F79EFBC}") = "Othello", "Othello\Othello.csproj", "{89BC6D59-5CC5-43AC-BAEC-8D9070CF70FF}"
EndProject
Global
	GlobalSection(SolutionConfigurationPlatforms) = preSolution
		Debug|Any CPU = Debug|Any CPU
		Release|Any CPU = Release|Any CPU
	EndGlobalSection
	GlobalSection(ProjectConfigurationPlatforms) = postSolution
		{89BC6D59-5CC5-43AC-BAEC-8D9070CF70FF}.Debug|Any CPU.ActiveCfg = Debug|Any CPU
		{89BC6D59-5CC5-43AC-BAEC-8D9070CF70FF}.Debug|Any CPU.Build.0 = Debug|Any CPU
		{89BC6D59-5CC5-43AC-BAEC-8D9070CF70FF}.Release|Any CPU.ActiveCfg = Release|Any CPU
		{89BC6D59-5CC5-43AC-BAEC-8D9070CF70FF}.Release|Any CPU.Build.0 = Release|Any CPU
	EndGlobalSection
	GlobalSection(SolutionProperties) = preSolution
		HideSolutionNode = FALSE
	EndGlobalSection
EndGlobal
